
Microsoft Visual Studio Solution File, Format Version 12.00
# Visual Studio Version 17
VisualStudioVersion = 17.5.002.0
MinimumVisualStudioVersion = 10.0.40219.1
Project("{2150E333-8FDC-42A3-9474-1A3956D46DE8}") = "csharp", "csharp", "{32F34B19-6989-4016-A6F0-BC077D421566}"
EndProject
Project("{2150E333-8FDC-42A3-9474-1A3956D46DE8}") = "bootcs", "bootcs", "{644BD2E9-5615-4341-9FF8-1EEB26F025C7}"
EndProject
Project("{9A19103F-16F7-4668-BE54-9A1E7A4F7556}") = "bubbleSort", "csharp\bootcs\bubbleSort\bubbleSort.csproj", "{5C7EAABC-4C0B-4DA2-AAD4-D97587FAA891}"
EndProject
Project("{9A19103F-16F7-4668-BE54-9A1E7A4F7556}") = "fastSort", "csharp\bootcs\fastSort\fastSort.csproj", "{1E663D2D-F9D1-4984-BAD2-2B55739565C9}"
EndProject
Project("{2150E333-8FDC-42A3-9474-1A3956D46DE8}") = "codewars", "codewars", "{EBBA3479-DF7C-4A7C-AB01-9D94A4FDEB3C}"
EndProject
Project("{9A19103F-16F7-4668-BE54-9A1E7A4F7556}") = "Novice", "csharp\codewars\Novice\Novice.csproj", "{22BD313A-6053-443D-BF2B-EEC3193F37EB}"
EndProject
Project("{9A19103F-16F7-4668-BE54-9A1E7A4F7556}") = "toBin", "csharp\codewars\toBin\toBin.csproj", "{1AB0780E-F5E4-4AF0-A195-901C48932A7F}"
EndProject
Project("{2150E333-8FDC-42A3-9474-1A3956D46DE8}") = "Lesson1", "Lesson1", "{34662927-F57A-4F4A-96A5-7E2ACC7A761C}"
EndProject
Project("{9A19103F-16F7-4668-BE54-9A1E7A4F7556}") = "homework", "csharp\Lesson1\homework\homework.csproj", "{FE2F4FFE-A93D-4B1C-999D-6998D5369B07}"
EndProject
Project("{9A19103F-16F7-4668-BE54-9A1E7A4F7556}") = "task1", "csharp\Lesson1\task1\task1.csproj", "{B5553D5B-13BF-4C34-B4AC-C5FEB07019B0}"
EndProject
Project("{9A19103F-16F7-4668-BE54-9A1E7A4F7556}") = "task2", "csharp\Lesson1\task2\task2.csproj", "{F4DD740C-7AC9-4E79-A3BF-D23EAFDB1EDC}"
EndProject
Project("{9A19103F-16F7-4668-BE54-9A1E7A4F7556}") = "task3", "csharp\Lesson1\task3\task3.csproj", "{C7BAF0F7-27DD-48A6-A13F-2ACC319EBB70}"
EndProject
Project("{2150E333-8FDC-42A3-9474-1A3956D46DE8}") = "Lesson2", "Lesson2", "{C329CD2B-9A44-472A-964C-721E671930AD}"
EndProject
Project("{9A19103F-16F7-4668-BE54-9A1E7A4F7556}") = "task1", "csharp\Lesson2\task1\task1.csproj", "{3F13ED7C-97EF-4B04-8DE1-EF057A027B52}"
EndProject
Project("{9A19103F-16F7-4668-BE54-9A1E7A4F7556}") = "task2", "csharp\Lesson2\task2\task2.csproj", "{EF803F1A-9973-44BE-B3BC-D1918EF196DA}"
EndProject
Project("{9A19103F-16F7-4668-BE54-9A1E7A4F7556}") = "task3", "csharp\Lesson2\task3\task3.csproj", "{EE958395-2D1F-4742-9DE4-989DC53F7602}"
EndProject
Project("{9A19103F-16F7-4668-BE54-9A1E7A4F7556}") = "task4", "csharp\Lesson2\task4\task4.csproj", "{C6CACCA5-7302-4C89-840F-ED2D9469BDB9}"
EndProject
Project("{2150E333-8FDC-42A3-9474-1A3956D46DE8}") = "Lesson3", "Lesson3", "{0349889D-7888-4712-B239-E9E242B2390A}"
EndProject
Project("{9A19103F-16F7-4668-BE54-9A1E7A4F7556}") = "hw", "csharp\Lesson3\hw\hw.csproj", "{37359C78-A943-4396-8AD8-E8CFB0B84B90}"
EndProject
Project("{9A19103F-16F7-4668-BE54-9A1E7A4F7556}") = "task1", "csharp\Lesson3\task1\task1.csproj", "{7233FCD4-DD8C-4C8E-9F04-A334DF8796C9}"
EndProject
Project("{9A19103F-16F7-4668-BE54-9A1E7A4F7556}") = "task2", "csharp\Lesson3\task2\task2.csproj", "{2CC5472A-66A5-46C7-AD73-33E42D3477EF}"
EndProject
Project("{9A19103F-16F7-4668-BE54-9A1E7A4F7556}") = "task3", "csharp\Lesson3\task3\task3.csproj", "{D6A3F7DE-F3F9-4859-98B0-3662E4F49B39}"
EndProject
Project("{2150E333-8FDC-42A3-9474-1A3956D46DE8}") = "Lesson4", "Lesson4", "{5B8E449F-BB40-4043-9FE1-A88475C7ECFA}"
EndProject
Project("{9A19103F-16F7-4668-BE54-9A1E7A4F7556}") = "task1", "csharp\Lesson4\task1\task1.csproj", "{B538E6F1-E6A9-4D00-87BC-78069C85F6EC}"
EndProject
Project("{9A19103F-16F7-4668-BE54-9A1E7A4F7556}") = "task2", "csharp\Lesson4\task2\task2.csproj", "{2BB128C5-D324-4CAC-BD76-9BEB4BFD3BDC}"
EndProject
Project("{9A19103F-16F7-4668-BE54-9A1E7A4F7556}") = "task3", "csharp\Lesson4\task3\task3.csproj", "{2EA8CF6A-34BC-455A-91F5-6FA2F59A4010}"
EndProject
Project("{2150E333-8FDC-42A3-9474-1A3956D46DE8}") = "Seminar1", "Seminar1", "{931885CE-11B4-4A17-B8C1-A9F3EC373C16}"
EndProject
Project("{9A19103F-16F7-4668-BE54-9A1E7A4F7556}") = "task1", "csharp\Seminar1\task1\task1.csproj", "{B9CAE39B-EB43-4930-B21C-31F202B17D12}"
EndProject
Project("{2150E333-8FDC-42A3-9474-1A3956D46DE8}") = "Seminar2", "Seminar2", "{C94D6BB8-0A84-41B4-8608-113AD3E767A5}"
EndProject
Project("{9A19103F-16F7-4668-BE54-9A1E7A4F7556}") = "task1", "csharp\Seminar2\task1\task1.csproj", "{0F6716C1-83FD-42EA-900E-2699F801A9CD}"
EndProject
Project("{9A19103F-16F7-4668-BE54-9A1E7A4F7556}") = "task2", "csharp\Seminar2\task2\task2.csproj", "{17DF5B2D-342A-4220-BDF0-CDBB4570D3BF}"
EndProject
Project("{9A19103F-16F7-4668-BE54-9A1E7A4F7556}") = "task3", "csharp\Seminar2\task3\task3.csproj", "{D12CBD54-4FD0-4008-B1F7-DBD70DE2A712}"
EndProject
Project("{9A19103F-16F7-4668-BE54-9A1E7A4F7556}") = "task4", "csharp\Seminar2\task4\task4.csproj", "{A0CE39CE-975E-417E-958C-F77ED9EE1CAE}"
EndProject
Project("{2150E333-8FDC-42A3-9474-1A3956D46DE8}") = "Seminar3", "Seminar3", "{DEC2AFE3-A0FA-4FD0-BB00-2DE5B23492A1}"
EndProject
Project("{9A19103F-16F7-4668-BE54-9A1E7A4F7556}") = "task1", "csharp\Seminar3\task1\task1.csproj", "{7118A732-E2D0-4C78-993B-0AF2C2FEC89D}"
EndProject
Project("{9A19103F-16F7-4668-BE54-9A1E7A4F7556}") = "task2", "csharp\Seminar3\task2\task2.csproj", "{6A7B2B8C-A96C-46CB-B418-86AF2265B329}"
EndProject
Project("{2150E333-8FDC-42A3-9474-1A3956D46DE8}") = "Seminar4", "Seminar4", "{47E16D1A-7CC7-481F-9016-7F89FDBBAA21}"
EndProject
Project("{9A19103F-16F7-4668-BE54-9A1E7A4F7556}") = "task1", "csharp\Seminar4\task1\task1.csproj", "{99A27269-BC84-437D-83CA-47D5E42DF429}"
EndProject
Project("{9A19103F-16F7-4668-BE54-9A1E7A4F7556}") = "task2", "csharp\Seminar4\task2\task2.csproj", "{C601F924-1CBB-4F24-B0CF-D24E94BF4D91}"
EndProject
Project("{2150E333-8FDC-42A3-9474-1A3956D46DE8}") = "Seminar5", "Seminar5", "{D3A7BF24-1561-49E4-AD68-F81EC97C86BF}"
EndProject
Project("{9A19103F-16F7-4668-BE54-9A1E7A4F7556}") = "hw", "csharp\Seminar5\hw\hw.csproj", "{3BED77A5-BB91-4B8B-9B4F-9C7A3455B601}"
EndProject
Project("{9A19103F-16F7-4668-BE54-9A1E7A4F7556}") = "task1", "csharp\Seminar5\task1\task1.csproj", "{4CE4F940-26FA-4434-AA64-7F083BBE2CB6}"
EndProject
Project("{2150E333-8FDC-42A3-9474-1A3956D46DE8}") = "l1", "l1", "{A711E9B2-ADC9-4B49-939D-6469E02F8384}"
EndProject
Project("{9A19103F-16F7-4668-BE54-9A1E7A4F7556}") = "binRecursion", "csharp\bootcs\l1\binRecursion\binRecursion.csproj", "{0FD979FB-3B8F-42AB-9EEE-4DC26990DC6C}"
EndProject
Project("{9A19103F-16F7-4668-BE54-9A1E7A4F7556}") = "binSearch", "csharp\bootcs\l1\binSearch\binSearch.csproj", "{5681D089-821B-4308-8BCB-5F6D1A2CD419}"
EndProject
Project("{9A19103F-16F7-4668-BE54-9A1E7A4F7556}") = "fastSortCycle", "csharp\bootcs\l1\fastSortCycle\fastSortCycle.csproj", "{94C2579F-AF86-4AF7-83ED-F205788CF01B}"
EndProject
Project("{2150E333-8FDC-42A3-9474-1A3956D46DE8}") = "hw2_KonkovaE", "hw2_KonkovaE", "{9F776AD3-F57C-4635-8FC5-2DC49F4ED1BE}"
EndProject
Project("{2150E333-8FDC-42A3-9474-1A3956D46DE8}") = "Seminar2", "Seminar2", "{BD176356-7D9F-42A7-8285-9520571497A9}"
EndProject
Project("{9A19103F-16F7-4668-BE54-9A1E7A4F7556}") = "task1", "csharp\hw2_KonkovaE\Seminar2\task1\task1.csproj", "{1A6EC157-6997-4DE9-B8EF-6B75EC32D3F4}"
EndProject
Project("{9A19103F-16F7-4668-BE54-9A1E7A4F7556}") = "task2", "csharp\hw2_KonkovaE\Seminar2\task2\task2.csproj", "{B55A1DB1-F78F-4AEF-870C-E25401C57DEF}"
EndProject
Project("{9A19103F-16F7-4668-BE54-9A1E7A4F7556}") = "task3", "csharp\hw2_KonkovaE\Seminar2\task3\task3.csproj", "{8D071D34-3ACC-4B7D-A103-0B045786B5F3}"
EndProject
Project("{9A19103F-16F7-4668-BE54-9A1E7A4F7556}") = "task4", "csharp\hw2_KonkovaE\Seminar2\task4\task4.csproj", "{56C72AA6-086E-4C94-B909-67F1B4092C89}"
EndProject
Project("{2150E333-8FDC-42A3-9474-1A3956D46DE8}") = "hw", "hw", "{3D2F67D5-EF3F-473C-A8FB-6D1FEE4D2698}"
EndProject
Project("{9A19103F-16F7-4668-BE54-9A1E7A4F7556}") = "task1", "csharp\Seminar3\hw\task1\task1.csproj", "{979F37C6-ADC8-40F3-9B45-CD45315220EB}"
EndProject
Project("{9A19103F-16F7-4668-BE54-9A1E7A4F7556}") = "task2", "csharp\Seminar3\hw\task2\task2.csproj", "{6035D951-74A1-4CF4-914D-514EB54595D1}"
EndProject
Project("{9A19103F-16F7-4668-BE54-9A1E7A4F7556}") = "task3", "csharp\Seminar3\hw\task3\task3.csproj", "{5E5A5981-AED1-4633-91AC-7601419AD57B}"
EndProject
Project("{9A19103F-16F7-4668-BE54-9A1E7A4F7556}") = "task4", "csharp\Seminar3\hw\task4\task4.csproj", "{17AACE15-C418-49E7-85A5-A306E7F22FE3}"
EndProject
Project("{2150E333-8FDC-42A3-9474-1A3956D46DE8}") = "hw", "hw", "{023FCED0-BE63-4E50-BF54-40C4033B8920}"
EndProject
Project("{9A19103F-16F7-4668-BE54-9A1E7A4F7556}") = "task1", "csharp\Seminar4\hw\task1\task1.csproj", "{B9BC5BAB-5682-4703-8EBB-55C29E405D96}"
EndProject
Project("{9A19103F-16F7-4668-BE54-9A1E7A4F7556}") = "task2", "csharp\Seminar4\hw\task2\task2.csproj", "{2B8259EC-9587-4E5E-BAB3-1CB48CB773E8}"
EndProject
Project("{9A19103F-16F7-4668-BE54-9A1E7A4F7556}") = "task3", "csharp\Seminar4\hw\task3\task3.csproj", "{F97D9F14-7E34-480C-B441-87FB02BFAFB2}"
EndProject
Project("{9A19103F-16F7-4668-BE54-9A1E7A4F7556}") = "task4", "csharp\Seminar4\hw\task4\task4.csproj", "{9116135A-3BA8-43E1-AF38-B867337D8521}"
EndProject
Global
	GlobalSection(SolutionConfigurationPlatforms) = preSolution
		Debug|Any CPU = Debug|Any CPU
		Release|Any CPU = Release|Any CPU
	EndGlobalSection
	GlobalSection(ProjectConfigurationPlatforms) = postSolution
		{5C7EAABC-4C0B-4DA2-AAD4-D97587FAA891}.Debug|Any CPU.ActiveCfg = Debug|Any CPU
		{5C7EAABC-4C0B-4DA2-AAD4-D97587FAA891}.Debug|Any CPU.Build.0 = Debug|Any CPU
		{5C7EAABC-4C0B-4DA2-AAD4-D97587FAA891}.Release|Any CPU.ActiveCfg = Release|Any CPU
		{5C7EAABC-4C0B-4DA2-AAD4-D97587FAA891}.Release|Any CPU.Build.0 = Release|Any CPU
		{1E663D2D-F9D1-4984-BAD2-2B55739565C9}.Debug|Any CPU.ActiveCfg = Debug|Any CPU
		{1E663D2D-F9D1-4984-BAD2-2B55739565C9}.Debug|Any CPU.Build.0 = Debug|Any CPU
		{1E663D2D-F9D1-4984-BAD2-2B55739565C9}.Release|Any CPU.ActiveCfg = Release|Any CPU
		{1E663D2D-F9D1-4984-BAD2-2B55739565C9}.Release|Any CPU.Build.0 = Release|Any CPU
		{22BD313A-6053-443D-BF2B-EEC3193F37EB}.Debug|Any CPU.ActiveCfg = Debug|Any CPU
		{22BD313A-6053-443D-BF2B-EEC3193F37EB}.Debug|Any CPU.Build.0 = Debug|Any CPU
		{22BD313A-6053-443D-BF2B-EEC3193F37EB}.Release|Any CPU.ActiveCfg = Release|Any CPU
		{22BD313A-6053-443D-BF2B-EEC3193F37EB}.Release|Any CPU.Build.0 = Release|Any CPU
		{1AB0780E-F5E4-4AF0-A195-901C48932A7F}.Debug|Any CPU.ActiveCfg = Debug|Any CPU
		{1AB0780E-F5E4-4AF0-A195-901C48932A7F}.Debug|Any CPU.Build.0 = Debug|Any CPU
		{1AB0780E-F5E4-4AF0-A195-901C48932A7F}.Release|Any CPU.ActiveCfg = Release|Any CPU
		{1AB0780E-F5E4-4AF0-A195-901C48932A7F}.Release|Any CPU.Build.0 = Release|Any CPU
		{FE2F4FFE-A93D-4B1C-999D-6998D5369B07}.Debug|Any CPU.ActiveCfg = Debug|Any CPU
		{FE2F4FFE-A93D-4B1C-999D-6998D5369B07}.Debug|Any CPU.Build.0 = Debug|Any CPU
		{FE2F4FFE-A93D-4B1C-999D-6998D5369B07}.Release|Any CPU.ActiveCfg = Release|Any CPU
		{FE2F4FFE-A93D-4B1C-999D-6998D5369B07}.Release|Any CPU.Build.0 = Release|Any CPU
		{B5553D5B-13BF-4C34-B4AC-C5FEB07019B0}.Debug|Any CPU.ActiveCfg = Debug|Any CPU
		{B5553D5B-13BF-4C34-B4AC-C5FEB07019B0}.Debug|Any CPU.Build.0 = Debug|Any CPU
		{B5553D5B-13BF-4C34-B4AC-C5FEB07019B0}.Release|Any CPU.ActiveCfg = Release|Any CPU
		{B5553D5B-13BF-4C34-B4AC-C5FEB07019B0}.Release|Any CPU.Build.0 = Release|Any CPU
		{F4DD740C-7AC9-4E79-A3BF-D23EAFDB1EDC}.Debug|Any CPU.ActiveCfg = Debug|Any CPU
		{F4DD740C-7AC9-4E79-A3BF-D23EAFDB1EDC}.Debug|Any CPU.Build.0 = Debug|Any CPU
		{F4DD740C-7AC9-4E79-A3BF-D23EAFDB1EDC}.Release|Any CPU.ActiveCfg = Release|Any CPU
		{F4DD740C-7AC9-4E79-A3BF-D23EAFDB1EDC}.Release|Any CPU.Build.0 = Release|Any CPU
		{C7BAF0F7-27DD-48A6-A13F-2ACC319EBB70}.Debug|Any CPU.ActiveCfg = Debug|Any CPU
		{C7BAF0F7-27DD-48A6-A13F-2ACC319EBB70}.Debug|Any CPU.Build.0 = Debug|Any CPU
		{C7BAF0F7-27DD-48A6-A13F-2ACC319EBB70}.Release|Any CPU.ActiveCfg = Release|Any CPU
		{C7BAF0F7-27DD-48A6-A13F-2ACC319EBB70}.Release|Any CPU.Build.0 = Release|Any CPU
		{3F13ED7C-97EF-4B04-8DE1-EF057A027B52}.Debug|Any CPU.ActiveCfg = Debug|Any CPU
		{3F13ED7C-97EF-4B04-8DE1-EF057A027B52}.Debug|Any CPU.Build.0 = Debug|Any CPU
		{3F13ED7C-97EF-4B04-8DE1-EF057A027B52}.Release|Any CPU.ActiveCfg = Release|Any CPU
		{3F13ED7C-97EF-4B04-8DE1-EF057A027B52}.Release|Any CPU.Build.0 = Release|Any CPU
		{EF803F1A-9973-44BE-B3BC-D1918EF196DA}.Debug|Any CPU.ActiveCfg = Debug|Any CPU
		{EF803F1A-9973-44BE-B3BC-D1918EF196DA}.Debug|Any CPU.Build.0 = Debug|Any CPU
		{EF803F1A-9973-44BE-B3BC-D1918EF196DA}.Release|Any CPU.ActiveCfg = Release|Any CPU
		{EF803F1A-9973-44BE-B3BC-D1918EF196DA}.Release|Any CPU.Build.0 = Release|Any CPU
		{EE958395-2D1F-4742-9DE4-989DC53F7602}.Debug|Any CPU.ActiveCfg = Debug|Any CPU
		{EE958395-2D1F-4742-9DE4-989DC53F7602}.Debug|Any CPU.Build.0 = Debug|Any CPU
		{EE958395-2D1F-4742-9DE4-989DC53F7602}.Release|Any CPU.ActiveCfg = Release|Any CPU
		{EE958395-2D1F-4742-9DE4-989DC53F7602}.Release|Any CPU.Build.0 = Release|Any CPU
		{C6CACCA5-7302-4C89-840F-ED2D9469BDB9}.Debug|Any CPU.ActiveCfg = Debug|Any CPU
		{C6CACCA5-7302-4C89-840F-ED2D9469BDB9}.Debug|Any CPU.Build.0 = Debug|Any CPU
		{C6CACCA5-7302-4C89-840F-ED2D9469BDB9}.Release|Any CPU.ActiveCfg = Release|Any CPU
		{C6CACCA5-7302-4C89-840F-ED2D9469BDB9}.Release|Any CPU.Build.0 = Release|Any CPU
		{37359C78-A943-4396-8AD8-E8CFB0B84B90}.Debug|Any CPU.ActiveCfg = Debug|Any CPU
		{37359C78-A943-4396-8AD8-E8CFB0B84B90}.Debug|Any CPU.Build.0 = Debug|Any CPU
		{37359C78-A943-4396-8AD8-E8CFB0B84B90}.Release|Any CPU.ActiveCfg = Release|Any CPU
		{37359C78-A943-4396-8AD8-E8CFB0B84B90}.Release|Any CPU.Build.0 = Release|Any CPU
		{7233FCD4-DD8C-4C8E-9F04-A334DF8796C9}.Debug|Any CPU.ActiveCfg = Debug|Any CPU
		{7233FCD4-DD8C-4C8E-9F04-A334DF8796C9}.Debug|Any CPU.Build.0 = Debug|Any CPU
		{7233FCD4-DD8C-4C8E-9F04-A334DF8796C9}.Release|Any CPU.ActiveCfg = Release|Any CPU
		{7233FCD4-DD8C-4C8E-9F04-A334DF8796C9}.Release|Any CPU.Build.0 = Release|Any CPU
		{2CC5472A-66A5-46C7-AD73-33E42D3477EF}.Debug|Any CPU.ActiveCfg = Debug|Any CPU
		{2CC5472A-66A5-46C7-AD73-33E42D3477EF}.Debug|Any CPU.Build.0 = Debug|Any CPU
		{2CC5472A-66A5-46C7-AD73-33E42D3477EF}.Release|Any CPU.ActiveCfg = Release|Any CPU
		{2CC5472A-66A5-46C7-AD73-33E42D3477EF}.Release|Any CPU.Build.0 = Release|Any CPU
		{D6A3F7DE-F3F9-4859-98B0-3662E4F49B39}.Debug|Any CPU.ActiveCfg = Debug|Any CPU
		{D6A3F7DE-F3F9-4859-98B0-3662E4F49B39}.Debug|Any CPU.Build.0 = Debug|Any CPU
		{D6A3F7DE-F3F9-4859-98B0-3662E4F49B39}.Release|Any CPU.ActiveCfg = Release|Any CPU
		{D6A3F7DE-F3F9-4859-98B0-3662E4F49B39}.Release|Any CPU.Build.0 = Release|Any CPU
		{B538E6F1-E6A9-4D00-87BC-78069C85F6EC}.Debug|Any CPU.ActiveCfg = Debug|Any CPU
		{B538E6F1-E6A9-4D00-87BC-78069C85F6EC}.Debug|Any CPU.Build.0 = Debug|Any CPU
		{B538E6F1-E6A9-4D00-87BC-78069C85F6EC}.Release|Any CPU.ActiveCfg = Release|Any CPU
		{B538E6F1-E6A9-4D00-87BC-78069C85F6EC}.Release|Any CPU.Build.0 = Release|Any CPU
		{2BB128C5-D324-4CAC-BD76-9BEB4BFD3BDC}.Debug|Any CPU.ActiveCfg = Debug|Any CPU
		{2BB128C5-D324-4CAC-BD76-9BEB4BFD3BDC}.Debug|Any CPU.Build.0 = Debug|Any CPU
		{2BB128C5-D324-4CAC-BD76-9BEB4BFD3BDC}.Release|Any CPU.ActiveCfg = Release|Any CPU
		{2BB128C5-D324-4CAC-BD76-9BEB4BFD3BDC}.Release|Any CPU.Build.0 = Release|Any CPU
		{2EA8CF6A-34BC-455A-91F5-6FA2F59A4010}.Debug|Any CPU.ActiveCfg = Debug|Any CPU
		{2EA8CF6A-34BC-455A-91F5-6FA2F59A4010}.Debug|Any CPU.Build.0 = Debug|Any CPU
		{2EA8CF6A-34BC-455A-91F5-6FA2F59A4010}.Release|Any CPU.ActiveCfg = Release|Any CPU
		{2EA8CF6A-34BC-455A-91F5-6FA2F59A4010}.Release|Any CPU.Build.0 = Release|Any CPU
		{B9CAE39B-EB43-4930-B21C-31F202B17D12}.Debug|Any CPU.ActiveCfg = Debug|Any CPU
		{B9CAE39B-EB43-4930-B21C-31F202B17D12}.Debug|Any CPU.Build.0 = Debug|Any CPU
		{B9CAE39B-EB43-4930-B21C-31F202B17D12}.Release|Any CPU.ActiveCfg = Release|Any CPU
		{B9CAE39B-EB43-4930-B21C-31F202B17D12}.Release|Any CPU.Build.0 = Release|Any CPU
		{0F6716C1-83FD-42EA-900E-2699F801A9CD}.Debug|Any CPU.ActiveCfg = Debug|Any CPU
		{0F6716C1-83FD-42EA-900E-2699F801A9CD}.Debug|Any CPU.Build.0 = Debug|Any CPU
		{0F6716C1-83FD-42EA-900E-2699F801A9CD}.Release|Any CPU.ActiveCfg = Release|Any CPU
		{0F6716C1-83FD-42EA-900E-2699F801A9CD}.Release|Any CPU.Build.0 = Release|Any CPU
		{17DF5B2D-342A-4220-BDF0-CDBB4570D3BF}.Debug|Any CPU.ActiveCfg = Debug|Any CPU
		{17DF5B2D-342A-4220-BDF0-CDBB4570D3BF}.Debug|Any CPU.Build.0 = Debug|Any CPU
		{17DF5B2D-342A-4220-BDF0-CDBB4570D3BF}.Release|Any CPU.ActiveCfg = Release|Any CPU
		{17DF5B2D-342A-4220-BDF0-CDBB4570D3BF}.Release|Any CPU.Build.0 = Release|Any CPU
		{D12CBD54-4FD0-4008-B1F7-DBD70DE2A712}.Debug|Any CPU.ActiveCfg = Debug|Any CPU
		{D12CBD54-4FD0-4008-B1F7-DBD70DE2A712}.Debug|Any CPU.Build.0 = Debug|Any CPU
		{D12CBD54-4FD0-4008-B1F7-DBD70DE2A712}.Release|Any CPU.ActiveCfg = Release|Any CPU
		{D12CBD54-4FD0-4008-B1F7-DBD70DE2A712}.Release|Any CPU.Build.0 = Release|Any CPU
		{A0CE39CE-975E-417E-958C-F77ED9EE1CAE}.Debug|Any CPU.ActiveCfg = Debug|Any CPU
		{A0CE39CE-975E-417E-958C-F77ED9EE1CAE}.Debug|Any CPU.Build.0 = Debug|Any CPU
		{A0CE39CE-975E-417E-958C-F77ED9EE1CAE}.Release|Any CPU.ActiveCfg = Release|Any CPU
		{A0CE39CE-975E-417E-958C-F77ED9EE1CAE}.Release|Any CPU.Build.0 = Release|Any CPU
		{7118A732-E2D0-4C78-993B-0AF2C2FEC89D}.Debug|Any CPU.ActiveCfg = Debug|Any CPU
		{7118A732-E2D0-4C78-993B-0AF2C2FEC89D}.Debug|Any CPU.Build.0 = Debug|Any CPU
		{7118A732-E2D0-4C78-993B-0AF2C2FEC89D}.Release|Any CPU.ActiveCfg = Release|Any CPU
		{7118A732-E2D0-4C78-993B-0AF2C2FEC89D}.Release|Any CPU.Build.0 = Release|Any CPU
		{6A7B2B8C-A96C-46CB-B418-86AF2265B329}.Debug|Any CPU.ActiveCfg = Debug|Any CPU
		{6A7B2B8C-A96C-46CB-B418-86AF2265B329}.Debug|Any CPU.Build.0 = Debug|Any CPU
		{6A7B2B8C-A96C-46CB-B418-86AF2265B329}.Release|Any CPU.ActiveCfg = Release|Any CPU
		{6A7B2B8C-A96C-46CB-B418-86AF2265B329}.Release|Any CPU.Build.0 = Release|Any CPU
		{99A27269-BC84-437D-83CA-47D5E42DF429}.Debug|Any CPU.ActiveCfg = Debug|Any CPU
		{99A27269-BC84-437D-83CA-47D5E42DF429}.Debug|Any CPU.Build.0 = Debug|Any CPU
		{99A27269-BC84-437D-83CA-47D5E42DF429}.Release|Any CPU.ActiveCfg = Release|Any CPU
		{99A27269-BC84-437D-83CA-47D5E42DF429}.Release|Any CPU.Build.0 = Release|Any CPU
		{C601F924-1CBB-4F24-B0CF-D24E94BF4D91}.Debug|Any CPU.ActiveCfg = Debug|Any CPU
		{C601F924-1CBB-4F24-B0CF-D24E94BF4D91}.Debug|Any CPU.Build.0 = Debug|Any CPU
		{C601F924-1CBB-4F24-B0CF-D24E94BF4D91}.Release|Any CPU.ActiveCfg = Release|Any CPU
		{C601F924-1CBB-4F24-B0CF-D24E94BF4D91}.Release|Any CPU.Build.0 = Release|Any CPU
		{3BED77A5-BB91-4B8B-9B4F-9C7A3455B601}.Debug|Any CPU.ActiveCfg = Debug|Any CPU
		{3BED77A5-BB91-4B8B-9B4F-9C7A3455B601}.Debug|Any CPU.Build.0 = Debug|Any CPU
		{3BED77A5-BB91-4B8B-9B4F-9C7A3455B601}.Release|Any CPU.ActiveCfg = Release|Any CPU
		{3BED77A5-BB91-4B8B-9B4F-9C7A3455B601}.Release|Any CPU.Build.0 = Release|Any CPU
		{4CE4F940-26FA-4434-AA64-7F083BBE2CB6}.Debug|Any CPU.ActiveCfg = Debug|Any CPU
		{4CE4F940-26FA-4434-AA64-7F083BBE2CB6}.Debug|Any CPU.Build.0 = Debug|Any CPU
		{4CE4F940-26FA-4434-AA64-7F083BBE2CB6}.Release|Any CPU.ActiveCfg = Release|Any CPU
		{4CE4F940-26FA-4434-AA64-7F083BBE2CB6}.Release|Any CPU.Build.0 = Release|Any CPU
		{0FD979FB-3B8F-42AB-9EEE-4DC26990DC6C}.Debug|Any CPU.ActiveCfg = Debug|Any CPU
		{0FD979FB-3B8F-42AB-9EEE-4DC26990DC6C}.Debug|Any CPU.Build.0 = Debug|Any CPU
		{0FD979FB-3B8F-42AB-9EEE-4DC26990DC6C}.Release|Any CPU.ActiveCfg = Release|Any CPU
		{0FD979FB-3B8F-42AB-9EEE-4DC26990DC6C}.Release|Any CPU.Build.0 = Release|Any CPU
		{5681D089-821B-4308-8BCB-5F6D1A2CD419}.Debug|Any CPU.ActiveCfg = Debug|Any CPU
		{5681D089-821B-4308-8BCB-5F6D1A2CD419}.Debug|Any CPU.Build.0 = Debug|Any CPU
		{5681D089-821B-4308-8BCB-5F6D1A2CD419}.Release|Any CPU.ActiveCfg = Release|Any CPU
		{5681D089-821B-4308-8BCB-5F6D1A2CD419}.Release|Any CPU.Build.0 = Release|Any CPU
		{94C2579F-AF86-4AF7-83ED-F205788CF01B}.Debug|Any CPU.ActiveCfg = Debug|Any CPU
		{94C2579F-AF86-4AF7-83ED-F205788CF01B}.Debug|Any CPU.Build.0 = Debug|Any CPU
		{94C2579F-AF86-4AF7-83ED-F205788CF01B}.Release|Any CPU.ActiveCfg = Release|Any CPU
		{94C2579F-AF86-4AF7-83ED-F205788CF01B}.Release|Any CPU.Build.0 = Release|Any CPU
		{1A6EC157-6997-4DE9-B8EF-6B75EC32D3F4}.Debug|Any CPU.ActiveCfg = Debug|Any CPU
		{1A6EC157-6997-4DE9-B8EF-6B75EC32D3F4}.Debug|Any CPU.Build.0 = Debug|Any CPU
		{1A6EC157-6997-4DE9-B8EF-6B75EC32D3F4}.Release|Any CPU.ActiveCfg = Release|Any CPU
		{1A6EC157-6997-4DE9-B8EF-6B75EC32D3F4}.Release|Any CPU.Build.0 = Release|Any CPU
		{B55A1DB1-F78F-4AEF-870C-E25401C57DEF}.Debug|Any CPU.ActiveCfg = Debug|Any CPU
		{B55A1DB1-F78F-4AEF-870C-E25401C57DEF}.Debug|Any CPU.Build.0 = Debug|Any CPU
		{B55A1DB1-F78F-4AEF-870C-E25401C57DEF}.Release|Any CPU.ActiveCfg = Release|Any CPU
		{B55A1DB1-F78F-4AEF-870C-E25401C57DEF}.Release|Any CPU.Build.0 = Release|Any CPU
		{8D071D34-3ACC-4B7D-A103-0B045786B5F3}.Debug|Any CPU.ActiveCfg = Debug|Any CPU
		{8D071D34-3ACC-4B7D-A103-0B045786B5F3}.Debug|Any CPU.Build.0 = Debug|Any CPU
		{8D071D34-3ACC-4B7D-A103-0B045786B5F3}.Release|Any CPU.ActiveCfg = Release|Any CPU
		{8D071D34-3ACC-4B7D-A103-0B045786B5F3}.Release|Any CPU.Build.0 = Release|Any CPU
		{56C72AA6-086E-4C94-B909-67F1B4092C89}.Debug|Any CPU.ActiveCfg = Debug|Any CPU
		{56C72AA6-086E-4C94-B909-67F1B4092C89}.Debug|Any CPU.Build.0 = Debug|Any CPU
		{56C72AA6-086E-4C94-B909-67F1B4092C89}.Release|Any CPU.ActiveCfg = Release|Any CPU
		{56C72AA6-086E-4C94-B909-67F1B4092C89}.Release|Any CPU.Build.0 = Release|Any CPU
		{979F37C6-ADC8-40F3-9B45-CD45315220EB}.Debug|Any CPU.ActiveCfg = Debug|Any CPU
		{979F37C6-ADC8-40F3-9B45-CD45315220EB}.Debug|Any CPU.Build.0 = Debug|Any CPU
		{979F37C6-ADC8-40F3-9B45-CD45315220EB}.Release|Any CPU.ActiveCfg = Release|Any CPU
		{979F37C6-ADC8-40F3-9B45-CD45315220EB}.Release|Any CPU.Build.0 = Release|Any CPU
		{6035D951-74A1-4CF4-914D-514EB54595D1}.Debug|Any CPU.ActiveCfg = Debug|Any CPU
		{6035D951-74A1-4CF4-914D-514EB54595D1}.Debug|Any CPU.Build.0 = Debug|Any CPU
		{6035D951-74A1-4CF4-914D-514EB54595D1}.Release|Any CPU.ActiveCfg = Release|Any CPU
		{6035D951-74A1-4CF4-914D-514EB54595D1}.Release|Any CPU.Build.0 = Release|Any CPU
		{5E5A5981-AED1-4633-91AC-7601419AD57B}.Debug|Any CPU.ActiveCfg = Debug|Any CPU
		{5E5A5981-AED1-4633-91AC-7601419AD57B}.Debug|Any CPU.Build.0 = Debug|Any CPU
		{5E5A5981-AED1-4633-91AC-7601419AD57B}.Release|Any CPU.ActiveCfg = Release|Any CPU
		{5E5A5981-AED1-4633-91AC-7601419AD57B}.Release|Any CPU.Build.0 = Release|Any CPU
		{17AACE15-C418-49E7-85A5-A306E7F22FE3}.Debug|Any CPU.ActiveCfg = Debug|Any CPU
		{17AACE15-C418-49E7-85A5-A306E7F22FE3}.Debug|Any CPU.Build.0 = Debug|Any CPU
		{17AACE15-C418-49E7-85A5-A306E7F22FE3}.Release|Any CPU.ActiveCfg = Release|Any CPU
		{17AACE15-C418-49E7-85A5-A306E7F22FE3}.Release|Any CPU.Build.0 = Release|Any CPU
		{B9BC5BAB-5682-4703-8EBB-55C29E405D96}.Debug|Any CPU.ActiveCfg = Debug|Any CPU
		{B9BC5BAB-5682-4703-8EBB-55C29E405D96}.Debug|Any CPU.Build.0 = Debug|Any CPU
		{B9BC5BAB-5682-4703-8EBB-55C29E405D96}.Release|Any CPU.ActiveCfg = Release|Any CPU
		{B9BC5BAB-5682-4703-8EBB-55C29E405D96}.Release|Any CPU.Build.0 = Release|Any CPU
		{2B8259EC-9587-4E5E-BAB3-1CB48CB773E8}.Debug|Any CPU.ActiveCfg = Debug|Any CPU
		{2B8259EC-9587-4E5E-BAB3-1CB48CB773E8}.Debug|Any CPU.Build.0 = Debug|Any CPU
		{2B8259EC-9587-4E5E-BAB3-1CB48CB773E8}.Release|Any CPU.ActiveCfg = Release|Any CPU
		{2B8259EC-9587-4E5E-BAB3-1CB48CB773E8}.Release|Any CPU.Build.0 = Release|Any CPU
		{F97D9F14-7E34-480C-B441-87FB02BFAFB2}.Debug|Any CPU.ActiveCfg = Debug|Any CPU
		{F97D9F14-7E34-480C-B441-87FB02BFAFB2}.Debug|Any CPU.Build.0 = Debug|Any CPU
		{F97D9F14-7E34-480C-B441-87FB02BFAFB2}.Release|Any CPU.ActiveCfg = Release|Any CPU
		{F97D9F14-7E34-480C-B441-87FB02BFAFB2}.Release|Any CPU.Build.0 = Release|Any CPU
		{9116135A-3BA8-43E1-AF38-B867337D8521}.Debug|Any CPU.ActiveCfg = Debug|Any CPU
		{9116135A-3BA8-43E1-AF38-B867337D8521}.Debug|Any CPU.Build.0 = Debug|Any CPU
		{9116135A-3BA8-43E1-AF38-B867337D8521}.Release|Any CPU.ActiveCfg = Release|Any CPU
		{9116135A-3BA8-43E1-AF38-B867337D8521}.Release|Any CPU.Build.0 = Release|Any CPU
	EndGlobalSection
	GlobalSection(SolutionProperties) = preSolution
		HideSolutionNode = FALSE
	EndGlobalSection
	GlobalSection(NestedProjects) = preSolution
		{644BD2E9-5615-4341-9FF8-1EEB26F025C7} = {32F34B19-6989-4016-A6F0-BC077D421566}
		{5C7EAABC-4C0B-4DA2-AAD4-D97587FAA891} = {644BD2E9-5615-4341-9FF8-1EEB26F025C7}
		{1E663D2D-F9D1-4984-BAD2-2B55739565C9} = {644BD2E9-5615-4341-9FF8-1EEB26F025C7}
		{EBBA3479-DF7C-4A7C-AB01-9D94A4FDEB3C} = {32F34B19-6989-4016-A6F0-BC077D421566}
		{22BD313A-6053-443D-BF2B-EEC3193F37EB} = {EBBA3479-DF7C-4A7C-AB01-9D94A4FDEB3C}
		{1AB0780E-F5E4-4AF0-A195-901C48932A7F} = {EBBA3479-DF7C-4A7C-AB01-9D94A4FDEB3C}
		{34662927-F57A-4F4A-96A5-7E2ACC7A761C} = {32F34B19-6989-4016-A6F0-BC077D421566}
		{FE2F4FFE-A93D-4B1C-999D-6998D5369B07} = {34662927-F57A-4F4A-96A5-7E2ACC7A761C}
		{B5553D5B-13BF-4C34-B4AC-C5FEB07019B0} = {34662927-F57A-4F4A-96A5-7E2ACC7A761C}
		{F4DD740C-7AC9-4E79-A3BF-D23EAFDB1EDC} = {34662927-F57A-4F4A-96A5-7E2ACC7A761C}
		{C7BAF0F7-27DD-48A6-A13F-2ACC319EBB70} = {34662927-F57A-4F4A-96A5-7E2ACC7A761C}
		{C329CD2B-9A44-472A-964C-721E671930AD} = {32F34B19-6989-4016-A6F0-BC077D421566}
		{3F13ED7C-97EF-4B04-8DE1-EF057A027B52} = {C329CD2B-9A44-472A-964C-721E671930AD}
		{EF803F1A-9973-44BE-B3BC-D1918EF196DA} = {C329CD2B-9A44-472A-964C-721E671930AD}
		{EE958395-2D1F-4742-9DE4-989DC53F7602} = {C329CD2B-9A44-472A-964C-721E671930AD}
		{C6CACCA5-7302-4C89-840F-ED2D9469BDB9} = {C329CD2B-9A44-472A-964C-721E671930AD}
		{0349889D-7888-4712-B239-E9E242B2390A} = {32F34B19-6989-4016-A6F0-BC077D421566}
		{37359C78-A943-4396-8AD8-E8CFB0B84B90} = {0349889D-7888-4712-B239-E9E242B2390A}
		{7233FCD4-DD8C-4C8E-9F04-A334DF8796C9} = {0349889D-7888-4712-B239-E9E242B2390A}
		{2CC5472A-66A5-46C7-AD73-33E42D3477EF} = {0349889D-7888-4712-B239-E9E242B2390A}
		{D6A3F7DE-F3F9-4859-98B0-3662E4F49B39} = {0349889D-7888-4712-B239-E9E242B2390A}
		{5B8E449F-BB40-4043-9FE1-A88475C7ECFA} = {32F34B19-6989-4016-A6F0-BC077D421566}
		{B538E6F1-E6A9-4D00-87BC-78069C85F6EC} = {5B8E449F-BB40-4043-9FE1-A88475C7ECFA}
		{2BB128C5-D324-4CAC-BD76-9BEB4BFD3BDC} = {5B8E449F-BB40-4043-9FE1-A88475C7ECFA}
		{2EA8CF6A-34BC-455A-91F5-6FA2F59A4010} = {5B8E449F-BB40-4043-9FE1-A88475C7ECFA}
		{931885CE-11B4-4A17-B8C1-A9F3EC373C16} = {32F34B19-6989-4016-A6F0-BC077D421566}
		{B9CAE39B-EB43-4930-B21C-31F202B17D12} = {931885CE-11B4-4A17-B8C1-A9F3EC373C16}
		{C94D6BB8-0A84-41B4-8608-113AD3E767A5} = {32F34B19-6989-4016-A6F0-BC077D421566}
		{0F6716C1-83FD-42EA-900E-2699F801A9CD} = {C94D6BB8-0A84-41B4-8608-113AD3E767A5}
		{17DF5B2D-342A-4220-BDF0-CDBB4570D3BF} = {C94D6BB8-0A84-41B4-8608-113AD3E767A5}
		{D12CBD54-4FD0-4008-B1F7-DBD70DE2A712} = {C94D6BB8-0A84-41B4-8608-113AD3E767A5}
		{A0CE39CE-975E-417E-958C-F77ED9EE1CAE} = {C94D6BB8-0A84-41B4-8608-113AD3E767A5}
		{DEC2AFE3-A0FA-4FD0-BB00-2DE5B23492A1} = {32F34B19-6989-4016-A6F0-BC077D421566}
		{7118A732-E2D0-4C78-993B-0AF2C2FEC89D} = {DEC2AFE3-A0FA-4FD0-BB00-2DE5B23492A1}
		{6A7B2B8C-A96C-46CB-B418-86AF2265B329} = {DEC2AFE3-A0FA-4FD0-BB00-2DE5B23492A1}
		{47E16D1A-7CC7-481F-9016-7F89FDBBAA21} = {32F34B19-6989-4016-A6F0-BC077D421566}
		{99A27269-BC84-437D-83CA-47D5E42DF429} = {47E16D1A-7CC7-481F-9016-7F89FDBBAA21}
		{C601F924-1CBB-4F24-B0CF-D24E94BF4D91} = {47E16D1A-7CC7-481F-9016-7F89FDBBAA21}
		{D3A7BF24-1561-49E4-AD68-F81EC97C86BF} = {32F34B19-6989-4016-A6F0-BC077D421566}
		{3BED77A5-BB91-4B8B-9B4F-9C7A3455B601} = {D3A7BF24-1561-49E4-AD68-F81EC97C86BF}
		{4CE4F940-26FA-4434-AA64-7F083BBE2CB6} = {D3A7BF24-1561-49E4-AD68-F81EC97C86BF}
		{A711E9B2-ADC9-4B49-939D-6469E02F8384} = {644BD2E9-5615-4341-9FF8-1EEB26F025C7}
		{0FD979FB-3B8F-42AB-9EEE-4DC26990DC6C} = {A711E9B2-ADC9-4B49-939D-6469E02F8384}
		{5681D089-821B-4308-8BCB-5F6D1A2CD419} = {A711E9B2-ADC9-4B49-939D-6469E02F8384}
		{94C2579F-AF86-4AF7-83ED-F205788CF01B} = {A711E9B2-ADC9-4B49-939D-6469E02F8384}
		{9F776AD3-F57C-4635-8FC5-2DC49F4ED1BE} = {32F34B19-6989-4016-A6F0-BC077D421566}
		{BD176356-7D9F-42A7-8285-9520571497A9} = {9F776AD3-F57C-4635-8FC5-2DC49F4ED1BE}
		{1A6EC157-6997-4DE9-B8EF-6B75EC32D3F4} = {BD176356-7D9F-42A7-8285-9520571497A9}
		{B55A1DB1-F78F-4AEF-870C-E25401C57DEF} = {BD176356-7D9F-42A7-8285-9520571497A9}
		{8D071D34-3ACC-4B7D-A103-0B045786B5F3} = {BD176356-7D9F-42A7-8285-9520571497A9}
		{56C72AA6-086E-4C94-B909-67F1B4092C89} = {BD176356-7D9F-42A7-8285-9520571497A9}
		{3D2F67D5-EF3F-473C-A8FB-6D1FEE4D2698} = {DEC2AFE3-A0FA-4FD0-BB00-2DE5B23492A1}
		{979F37C6-ADC8-40F3-9B45-CD45315220EB} = {3D2F67D5-EF3F-473C-A8FB-6D1FEE4D2698}
		{6035D951-74A1-4CF4-914D-514EB54595D1} = {3D2F67D5-EF3F-473C-A8FB-6D1FEE4D2698}
		{5E5A5981-AED1-4633-91AC-7601419AD57B} = {3D2F67D5-EF3F-473C-A8FB-6D1FEE4D2698}
		{17AACE15-C418-49E7-85A5-A306E7F22FE3} = {3D2F67D5-EF3F-473C-A8FB-6D1FEE4D2698}
		{023FCED0-BE63-4E50-BF54-40C4033B8920} = {47E16D1A-7CC7-481F-9016-7F89FDBBAA21}
		{B9BC5BAB-5682-4703-8EBB-55C29E405D96} = {023FCED0-BE63-4E50-BF54-40C4033B8920}
		{2B8259EC-9587-4E5E-BAB3-1CB48CB773E8} = {023FCED0-BE63-4E50-BF54-40C4033B8920}
		{F97D9F14-7E34-480C-B441-87FB02BFAFB2} = {023FCED0-BE63-4E50-BF54-40C4033B8920}
		{9116135A-3BA8-43E1-AF38-B867337D8521} = {023FCED0-BE63-4E50-BF54-40C4033B8920}
	EndGlobalSection
	GlobalSection(ExtensibilityGlobals) = postSolution
		SolutionGuid = {FAB0814C-1211-490D-8330-C3D43229ED2E}
	EndGlobalSection
EndGlobal
